
Microsoft Visual Studio Solution File, Format Version 12.00
# Visual Studio Version 16
VisualStudioVersion = 16.0.30225.117
MinimumVisualStudioVersion = 10.0.40219.1
Project("{FAE04EC0-301F-11D3-BF4B-00C04F79EFBC}") = "PapeleSecube.UWP", "PapeleSecube\PapeleSecube.UWP\PapeleSecube.UWP.csproj", "{7B36683E-4CF5-4074-A7F7-D41219A9C811}"
EndProject
Project("{FAE04EC0-301F-11D3-BF4B-00C04F79EFBC}") = "PapeleSecube.Android", "PapeleSecube\PapeleSecube.Android\PapeleSecube.Android.csproj", "{323801F1-E2F2-45D4-A416-4FCE7523CD89}"
EndProject
Project("{FAE04EC0-301F-11D3-BF4B-00C04F79EFBC}") = "PapeleSecube.iOS", "PapeleSecube\PapeleSecube.iOS\PapeleSecube.iOS.csproj", "{9FD00460-4DD8-4FB9-BA4D-E58501B948FA}"
EndProject
Project("{FAE04EC0-301F-11D3-BF4B-00C04F79EFBC}") = "PapeleSecube", "PapeleSecube\PapeleSecube\PapeleSecube.csproj", "{96BE1729-9186-447D-BFF0-8DD7C7FEFF73}"
EndProject
Global
	GlobalSection(SolutionConfigurationPlatforms) = preSolution
		Debug|Any CPU = Debug|Any CPU
		Debug|ARM = Debug|ARM
		Debug|iPhone = Debug|iPhone
		Debug|iPhoneSimulator = Debug|iPhoneSimulator
		Debug|x64 = Debug|x64
		Debug|x86 = Debug|x86
		Release|Any CPU = Release|Any CPU
		Release|ARM = Release|ARM
		Release|iPhone = Release|iPhone
		Release|iPhoneSimulator = Release|iPhoneSimulator
		Release|x64 = Release|x64
		Release|x86 = Release|x86
	EndGlobalSection
	GlobalSection(ProjectConfigurationPlatforms) = postSolution
		{7B36683E-4CF5-4074-A7F7-D41219A9C811}.Debug|Any CPU.ActiveCfg = Debug|x86
		{7B36683E-4CF5-4074-A7F7-D41219A9C811}.Debug|Any CPU.Build.0 = Debug|x86
		{7B36683E-4CF5-4074-A7F7-D41219A9C811}.Debug|Any CPU.Deploy.0 = Debug|x86
		{7B36683E-4CF5-4074-A7F7-D41219A9C811}.Debug|ARM.ActiveCfg = Debug|ARM
		{7B36683E-4CF5-4074-A7F7-D41219A9C811}.Debug|ARM.Build.0 = Debug|ARM
		{7B36683E-4CF5-4074-A7F7-D41219A9C811}.Debug|ARM.Deploy.0 = Debug|ARM
		{7B36683E-4CF5-4074-A7F7-D41219A9C811}.Debug|iPhone.ActiveCfg = Debug|x86
		{7B36683E-4CF5-4074-A7F7-D41219A9C811}.Debug|iPhone.Build.0 = Debug|x86
		{7B36683E-4CF5-4074-A7F7-D41219A9C811}.Debug|iPhone.Deploy.0 = Debug|x86
		{7B36683E-4CF5-4074-A7F7-D41219A9C811}.Debug|iPhoneSimulator.ActiveCfg = Debug|x86
		{7B36683E-4CF5-4074-A7F7-D41219A9C811}.Debug|iPhoneSimulator.Build.0 = Debug|x86
		{7B36683E-4CF5-4074-A7F7-D41219A9C811}.Debug|iPhoneSimulator.Deploy.0 = Debug|x86
		{7B36683E-4CF5-4074-A7F7-D41219A9C811}.Debug|x64.ActiveCfg = Debug|x64
		{7B36683E-4CF5-4074-A7F7-D41219A9C811}.Debug|x64.Build.0 = Debug|x64
		{7B36683E-4CF5-4074-A7F7-D41219A9C811}.Debug|x64.Deploy.0 = Debug|x64
		{7B36683E-4CF5-4074-A7F7-D41219A9C811}.Debug|x86.ActiveCfg = Debug|x86
		{7B36683E-4CF5-4074-A7F7-D41219A9C811}.Debug|x86.Build.0 = Debug|x86
		{7B36683E-4CF5-4074-A7F7-D41219A9C811}.Debug|x86.Deploy.0 = Debug|x86
		{7B36683E-4CF5-4074-A7F7-D41219A9C811}.Release|Any CPU.ActiveCfg = Release|x86
		{7B36683E-4CF5-4074-A7F7-D41219A9C811}.Release|Any CPU.Build.0 = Release|x86
		{7B36683E-4CF5-4074-A7F7-D41219A9C811}.Release|Any CPU.Deploy.0 = Release|x86
		{7B36683E-4CF5-4074-A7F7-D41219A9C811}.Release|ARM.ActiveCfg = Release|ARM
		{7B36683E-4CF5-4074-A7F7-D41219A9C811}.Release|ARM.Build.0 = Release|ARM
		{7B36683E-4CF5-4074-A7F7-D41219A9C811}.Release|ARM.Deploy.0 = Release|ARM
		{7B36683E-4CF5-4074-A7F7-D41219A9C811}.Release|iPhone.ActiveCfg = Release|x86
		{7B36683E-4CF5-4074-A7F7-D41219A9C811}.Release|iPhone.Build.0 = Release|x86
		{7B36683E-4CF5-4074-A7F7-D41219A9C811}.Release|iPhone.Deploy.0 = Release|x86
		{7B36683E-4CF5-4074-A7F7-D41219A9C811}.Release|iPhoneSimulator.ActiveCfg = Release|x86
		{7B36683E-4CF5-4074-A7F7-D41219A9C811}.Release|iPhoneSimulator.Build.0 = Release|x86
		{7B36683E-4CF5-4074-A7F7-D41219A9C811}.Release|iPhoneSimulator.Deploy.0 = Release|x86
		{7B36683E-4CF5-4074-A7F7-D41219A9C811}.Release|x64.ActiveCfg = Release|x64
		{7B36683E-4CF5-4074-A7F7-D41219A9C811}.Release|x64.Build.0 = Release|x64
		{7B36683E-4CF5-4074-A7F7-D41219A9C811}.Release|x64.Deploy.0 = Release|x64
		{7B36683E-4CF5-4074-A7F7-D41219A9C811}.Release|x86.ActiveCfg = Release|x86
		{7B36683E-4CF5-4074-A7F7-D41219A9C811}.Release|x86.Build.0 = Release|x86
		{7B36683E-4CF5-4074-A7F7-D41219A9C811}.Release|x86.Deploy.0 = Release|x86
		{323801F1-E2F2-45D4-A416-4FCE7523CD89}.Debug|Any CPU.ActiveCfg = Debug|Any CPU
		{323801F1-E2F2-45D4-A416-4FCE7523CD89}.Debug|Any CPU.Build.0 = Debug|Any CPU
		{323801F1-E2F2-45D4-A416-4FCE7523CD89}.Debug|Any CPU.Deploy.0 = Debug|Any CPU
		{323801F1-E2F2-45D4-A416-4FCE7523CD89}.Debug|ARM.ActiveCfg = Debug|Any CPU
		{323801F1-E2F2-45D4-A416-4FCE7523CD89}.Debug|ARM.Build.0 = Debug|Any CPU
		{323801F1-E2F2-45D4-A416-4FCE7523CD89}.Debug|ARM.Deploy.0 = Debug|Any CPU
		{323801F1-E2F2-45D4-A416-4FCE7523CD89}.Debug|iPhone.ActiveCfg = Debug|Any CPU
		{323801F1-E2F2-45D4-A416-4FCE7523CD89}.Debug|iPhone.Build.0 = Debug|Any CPU
		{323801F1-E2F2-45D4-A416-4FCE7523CD89}.Debug|iPhone.Deploy.0 = Debug|Any CPU
		{323801F1-E2F2-45D4-A416-4FCE7523CD89}.Debug|iPhoneSimulator.ActiveCfg = Debug|Any CPU
		{323801F1-E2F2-45D4-A416-4FCE7523CD89}.Debug|iPhoneSimulator.Build.0 = Debug|Any CPU
		{323801F1-E2F2-45D4-A416-4FCE7523CD89}.Debug|iPhoneSimulator.Deploy.0 = Debug|Any CPU
		{323801F1-E2F2-45D4-A416-4FCE7523CD89}.Debug|x64.ActiveCfg = Debug|Any CPU
		{323801F1-E2F2-45D4-A416-4FCE7523CD89}.Debug|x64.Build.0 = Debug|Any CPU
		{323801F1-E2F2-45D4-A416-4FCE7523CD89}.Debug|x64.Deploy.0 = Debug|Any CPU
		{323801F1-E2F2-45D4-A416-4FCE7523CD89}.Debug|x86.ActiveCfg = Debug|Any CPU
		{323801F1-E2F2-45D4-A416-4FCE7523CD89}.Debug|x86.Build.0 = Debug|Any CPU
		{323801F1-E2F2-45D4-A416-4FCE7523CD89}.Debug|x86.Deploy.0 = Debug|Any CPU
		{323801F1-E2F2-45D4-A416-4FCE7523CD89}.Release|Any CPU.ActiveCfg = Release|Any CPU
		{323801F1-E2F2-45D4-A416-4FCE7523CD89}.Release|Any CPU.Build.0 = Release|Any CPU
		{323801F1-E2F2-45D4-A416-4FCE7523CD89}.Release|Any CPU.Deploy.0 = Release|Any CPU
		{323801F1-E2F2-45D4-A416-4FCE7523CD89}.Release|ARM.ActiveCfg = Release|Any CPU
		{323801F1-E2F2-45D4-A416-4FCE7523CD89}.Release|ARM.Build.0 = Release|Any CPU
		{323801F1-E2F2-45D4-A416-4FCE7523CD89}.Release|ARM.Deploy.0 = Release|Any CPU
		{323801F1-E2F2-45D4-A416-4FCE7523CD89}.Release|iPhone.ActiveCfg = Release|Any CPU
		{323801F1-E2F2-45D4-A416-4FCE7523CD89}.Release|iPhone.Build.0 = Release|Any CPU
		{323801F1-E2F2-45D4-A416-4FCE7523CD89}.Release|iPhone.Deploy.0 = Release|Any CPU
		{323801F1-E2F2-45D4-A416-4FCE7523CD89}.Release|iPhoneSimulator.ActiveCfg = Release|Any CPU
		{323801F1-E2F2-45D4-A416-4FCE7523CD89}.Release|iPhoneSimulator.Build.0 = Release|Any CPU
		{323801F1-E2F2-45D4-A416-4FCE7523CD89}.Release|iPhoneSimulator.Deploy.0 = Release|Any CPU
		{323801F1-E2F2-45D4-A416-4FCE7523CD89}.Release|x64.ActiveCfg = Release|Any CPU
		{323801F1-E2F2-45D4-A416-4FCE7523CD89}.Release|x64.Build.0 = Release|Any CPU
		{323801F1-E2F2-45D4-A416-4FCE7523CD89}.Release|x64.Deploy.0 = Release|Any CPU
		{323801F1-E2F2-45D4-A416-4FCE7523CD89}.Release|x86.ActiveCfg = Release|Any CPU
		{323801F1-E2F2-45D4-A416-4FCE7523CD89}.Release|x86.Build.0 = Release|Any CPU
		{323801F1-E2F2-45D4-A416-4FCE7523CD89}.Release|x86.Deploy.0 = Release|Any CPU
		{9FD00460-4DD8-4FB9-BA4D-E58501B948FA}.Debug|Any CPU.ActiveCfg = Debug|iPhone
		{9FD00460-4DD8-4FB9-BA4D-E58501B948FA}.Debug|Any CPU.Build.0 = Debug|iPhone
		{9FD00460-4DD8-4FB9-BA4D-E58501B948FA}.Debug|Any CPU.Deploy.0 = Debug|iPhone
		{9FD00460-4DD8-4FB9-BA4D-E58501B948FA}.Debug|ARM.ActiveCfg = Debug|iPhone
		{9FD00460-4DD8-4FB9-BA4D-E58501B948FA}.Debug|ARM.Build.0 = Debug|iPhone
		{9FD00460-4DD8-4FB9-BA4D-E58501B948FA}.Debug|ARM.Deploy.0 = Debug|iPhone
		{9FD00460-4DD8-4FB9-BA4D-E58501B948FA}.Debug|iPhone.ActiveCfg = Debug|iPhone
		{9FD00460-4DD8-4FB9-BA4D-E58501B948FA}.Debug|iPhone.Build.0 = Debug|iPhone
		{9FD00460-4DD8-4FB9-BA4D-E58501B948FA}.Debug|iPhone.Deploy.0 = Debug|iPhone
		{9FD00460-4DD8-4FB9-BA4D-E58501B948FA}.Debug|iPhoneSimulator.ActiveCfg = Debug|iPhoneSimulator
		{9FD00460-4DD8-4FB9-BA4D-E58501B948FA}.Debug|iPhoneSimulator.Build.0 = Debug|iPhoneSimulator
		{9FD00460-4DD8-4FB9-BA4D-E58501B948FA}.Debug|iPhoneSimulator.Deploy.0 = Debug|iPhoneSimulator
		{9FD00460-4DD8-4FB9-BA4D-E58501B948FA}.Debug|x64.ActiveCfg = Debug|iPhone
		{9FD00460-4DD8-4FB9-BA4D-E58501B948FA}.Debug|x64.Build.0 = Debug|iPhone
		{9FD00460-4DD8-4FB9-BA4D-E58501B948FA}.Debug|x64.Deploy.0 = Debug|iPhone
		{9FD00460-4DD8-4FB9-BA4D-E58501B948FA}.Debug|x86.ActiveCfg = Debug|iPhone
		{9FD00460-4DD8-4FB9-BA4D-E58501B948FA}.Debug|x86.Build.0 = Debug|iPhone
		{9FD00460-4DD8-4FB9-BA4D-E58501B948FA}.Debug|x86.Deploy.0 = Debug|iPhone
		{9FD00460-4DD8-4FB9-BA4D-E58501B948FA}.Release|Any CPU.ActiveCfg = Release|iPhone
		{9FD00460-4DD8-4FB9-BA4D-E58501B948FA}.Release|Any CPU.Build.0 = Release|iPhone
		{9FD00460-4DD8-4FB9-BA4D-E58501B948FA}.Release|Any CPU.Deploy.0 = Release|iPhone
		{9FD00460-4DD8-4FB9-BA4D-E58501B948FA}.Release|ARM.ActiveCfg = Release|iPhone
		{9FD00460-4DD8-4FB9-BA4D-E58501B948FA}.Release|ARM.Build.0 = Release|iPhone
		{9FD00460-4DD8-4FB9-BA4D-E58501B948FA}.Release|ARM.Deploy.0 = Release|iPhone
		{9FD00460-4DD8-4FB9-BA4D-E58501B948FA}.Release|iPhone.ActiveCfg = Release|iPhone
		{9FD00460-4DD8-4FB9-BA4D-E58501B948FA}.Release|iPhone.Build.0 = Release|iPhone
		{9FD00460-4DD8-4FB9-BA4D-E58501B948FA}.Release|iPhone.Deploy.0 = Release|iPhone
		{9FD00460-4DD8-4FB9-BA4D-E58501B948FA}.Release|iPhoneSimulator.ActiveCfg = Release|iPhoneSimulator
		{9FD00460-4DD8-4FB9-BA4D-E58501B948FA}.Release|iPhoneSimulator.Build.0 = Release|iPhoneSimulator
		{9FD00460-4DD8-4FB9-BA4D-E58501B948FA}.Release|iPhoneSimulator.Deploy.0 = Release|iPhoneSimulator
		{9FD00460-4DD8-4FB9-BA4D-E58501B948FA}.Release|x64.ActiveCfg = Release|iPhone
		{9FD00460-4DD8-4FB9-BA4D-E58501B948FA}.Release|x64.Build.0 = Release|iPhone
		{9FD00460-4DD8-4FB9-BA4D-E58501B948FA}.Release|x64.Deploy.0 = Release|iPhone
		{9FD00460-4DD8-4FB9-BA4D-E58501B948FA}.Release|x86.ActiveCfg = Release|iPhone
		{9FD00460-4DD8-4FB9-BA4D-E58501B948FA}.Release|x86.Build.0 = Release|iPhone
		{9FD00460-4DD8-4FB9-BA4D-E58501B948FA}.Release|x86.Deploy.0 = Release|iPhone
		{96BE1729-9186-447D-BFF0-8DD7C7FEFF73}.Debug|Any CPU.ActiveCfg = Debug|Any CPU
		{96BE1729-9186-447D-BFF0-8DD7C7FEFF73}.Debug|Any CPU.Build.0 = Debug|Any CPU
		{96BE1729-9186-447D-BFF0-8DD7C7FEFF73}.Debug|Any CPU.Deploy.0 = Debug|Any CPU
		{96BE1729-9186-447D-BFF0-8DD7C7FEFF73}.Debug|ARM.ActiveCfg = Debug|Any CPU
		{96BE1729-9186-447D-BFF0-8DD7C7FEFF73}.Debug|ARM.Build.0 = Debug|Any CPU
		{96BE1729-9186-447D-BFF0-8DD7C7FEFF73}.Debug|ARM.Deploy.0 = Debug|Any CPU
		{96BE1729-9186-447D-BFF0-8DD7C7FEFF73}.Debug|iPhone.ActiveCfg = Debug|Any CPU
		{96BE1729-9186-447D-BFF0-8DD7C7FEFF73}.Debug|iPhone.Build.0 = Debug|Any CPU
		{96BE1729-9186-447D-BFF0-8DD7C7FEFF73}.Debug|iPhone.Deploy.0 = Debug|Any CPU
		{96BE1729-9186-447D-BFF0-8DD7C7FEFF73}.Debug|iPhoneSimulator.ActiveCfg = Debug|Any CPU
		{96BE1729-9186-447D-BFF0-8DD7C7FEFF73}.Debug|iPhoneSimulator.Build.0 = Debug|Any CPU
		{96BE1729-9186-447D-BFF0-8DD7C7FEFF73}.Debug|iPhoneSimulator.Deploy.0 = Debug|Any CPU
		{96BE1729-9186-447D-BFF0-8DD7C7FEFF73}.Debug|x64.ActiveCfg = Debug|Any CPU
		{96BE1729-9186-447D-BFF0-8DD7C7FEFF73}.Debug|x64.Build.0 = Debug|Any CPU
		{96BE1729-9186-447D-BFF0-8DD7C7FEFF73}.Debug|x64.Deploy.0 = Debug|Any CPU
		{96BE1729-9186-447D-BFF0-8DD7C7FEFF73}.Debug|x86.ActiveCfg = Debug|Any CPU
		{96BE1729-9186-447D-BFF0-8DD7C7FEFF73}.Debug|x86.Build.0 = Debug|Any CPU
		{96BE1729-9186-447D-BFF0-8DD7C7FEFF73}.Debug|x86.Deploy.0 = Debug|Any CPU
		{96BE1729-9186-447D-BFF0-8DD7C7FEFF73}.Release|Any CPU.ActiveCfg = Release|Any CPU
		{96BE1729-9186-447D-BFF0-8DD7C7FEFF73}.Release|Any CPU.Build.0 = Release|Any CPU
		{96BE1729-9186-447D-BFF0-8DD7C7FEFF73}.Release|Any CPU.Deploy.0 = Release|Any CPU
		{96BE1729-9186-447D-BFF0-8DD7C7FEFF73}.Release|ARM.ActiveCfg = Release|Any CPU
		{96BE1729-9186-447D-BFF0-8DD7C7FEFF73}.Release|ARM.Build.0 = Release|Any CPU
		{96BE1729-9186-447D-BFF0-8DD7C7FEFF73}.Release|ARM.Deploy.0 = Release|Any CPU
		{96BE1729-9186-447D-BFF0-8DD7C7FEFF73}.Release|iPhone.ActiveCfg = Release|Any CPU
		{96BE1729-9186-447D-BFF0-8DD7C7FEFF73}.Release|iPhone.Build.0 = Release|Any CPU
		{96BE1729-9186-447D-BFF0-8DD7C7FEFF73}.Release|iPhone.Deploy.0 = Release|Any CPU
		{96BE1729-9186-447D-BFF0-8DD7C7FEFF73}.Release|iPhoneSimulator.ActiveCfg = Release|Any CPU
		{96BE1729-9186-447D-BFF0-8DD7C7FEFF73}.Release|iPhoneSimulator.Build.0 = Release|Any CPU
		{96BE1729-9186-447D-BFF0-8DD7C7FEFF73}.Release|iPhoneSimulator.Deploy.0 = Release|Any CPU
		{96BE1729-9186-447D-BFF0-8DD7C7FEFF73}.Release|x64.ActiveCfg = Release|Any CPU
		{96BE1729-9186-447D-BFF0-8DD7C7FEFF73}.Release|x64.Build.0 = Release|Any CPU
		{96BE1729-9186-447D-BFF0-8DD7C7FEFF73}.Release|x64.Deploy.0 = Release|Any CPU
		{96BE1729-9186-447D-BFF0-8DD7C7FEFF73}.Release|x86.ActiveCfg = Release|Any CPU
		{96BE1729-9186-447D-BFF0-8DD7C7FEFF73}.Release|x86.Build.0 = Release|Any CPU
		{96BE1729-9186-447D-BFF0-8DD7C7FEFF73}.Release|x86.Deploy.0 = Release|Any CPU
	EndGlobalSection
	GlobalSection(SolutionProperties) = preSolution
		HideSolutionNode = FALSE
	EndGlobalSection
	GlobalSection(ExtensibilityGlobals) = postSolution
		SolutionGuid = {195D1D8F-42BB-4933-90D2-20739682D4B1}
	EndGlobalSection
EndGlobal
